
Microsoft Visual Studio Solution File, Format Version 12.00
# Visual Studio Version 17
VisualStudioVersion = 17.4.33213.308
MinimumVisualStudioVersion = 10.0.40219.1
Project("{FAE04EC0-301F-11D3-BF4B-00C04F79EFBC}") = "WebAPICODEFIRST", "WebAPICODEFIRST\WebAPICODEFIRST.csproj", "{79E6B46E-3707-4622-AAF3-A1513908732E}"
EndProject
Global
	GlobalSection(SolutionConfigurationPlatforms) = preSolution
		Debug|Any CPU = Debug|Any CPU
		Release|Any CPU = Release|Any CPU
	EndGlobalSection
	GlobalSection(ProjectConfigurationPlatforms) = postSolution
		{79E6B46E-3707-4622-AAF3-A1513908732E}.Debug|Any CPU.ActiveCfg = Debug|Any CPU
		{79E6B46E-3707-4622-AAF3-A1513908732E}.Debug|Any CPU.Build.0 = Debug|Any CPU
		{79E6B46E-3707-4622-AAF3-A1513908732E}.Release|Any CPU.ActiveCfg = Release|Any CPU
		{79E6B46E-3707-4622-AAF3-A1513908732E}.Release|Any CPU.Build.0 = Release|Any CPU
	EndGlobalSection
	GlobalSection(SolutionProperties) = preSolution
		HideSolutionNode = FALSE
	EndGlobalSection
	GlobalSection(ExtensibilityGlobals) = postSolution
		SolutionGuid = {8D506645-BAF4-4105-B6CA-6B50AEE13367}
	EndGlobalSection
EndGlobal
