
Microsoft Visual Studio Solution File, Format Version 12.00
# Visual Studio Version 17
VisualStudioVersion = 17.4.33213.308
MinimumVisualStudioVersion = 10.0.40219.1
Project("{9A19103F-16F7-4668-BE54-9A1E7A4F7556}") = "ConsoleCLI", "ConsoleCLI.csproj", "{49053E6E-44EF-4E86-9305-9AE736FA1E92}"
EndProject
Global
	GlobalSection(SolutionConfigurationPlatforms) = preSolution
		Debug|Any CPU = Debug|Any CPU
		Release|Any CPU = Release|Any CPU
	EndGlobalSection
	GlobalSection(ProjectConfigurationPlatforms) = postSolution
		{49053E6E-44EF-4E86-9305-9AE736FA1E92}.Debug|Any CPU.ActiveCfg = Debug|Any CPU
		{49053E6E-44EF-4E86-9305-9AE736FA1E92}.Debug|Any CPU.Build.0 = Debug|Any CPU
		{49053E6E-44EF-4E86-9305-9AE736FA1E92}.Release|Any CPU.ActiveCfg = Release|Any CPU
		{49053E6E-44EF-4E86-9305-9AE736FA1E92}.Release|Any CPU.Build.0 = Release|Any CPU
	EndGlobalSection
	GlobalSection(SolutionProperties) = preSolution
		HideSolutionNode = FALSE
	EndGlobalSection
	GlobalSection(ExtensibilityGlobals) = postSolution
		SolutionGuid = {8B6DA932-30CD-41DA-B3C1-CFBC9C6D3470}
	EndGlobalSection
EndGlobal
