
Microsoft Visual Studio Solution File, Format Version 12.00
# Visual Studio Version 17
VisualStudioVersion = 17.4.33213.308
MinimumVisualStudioVersion = 10.0.40219.1
Project("{FAE04EC0-301F-11D3-BF4B-00C04F79EFBC}") = "WebApplicationEFCODE", "WebApplicationEFCODE\WebApplicationEFCODE.csproj", "{B619A324-81D8-468B-BD72-117DF669696F}"
EndProject
Global
	GlobalSection(SolutionConfigurationPlatforms) = preSolution
		Debug|Any CPU = Debug|Any CPU
		Release|Any CPU = Release|Any CPU
	EndGlobalSection
	GlobalSection(ProjectConfigurationPlatforms) = postSolution
		{B619A324-81D8-468B-BD72-117DF669696F}.Debug|Any CPU.ActiveCfg = Debug|Any CPU
		{B619A324-81D8-468B-BD72-117DF669696F}.Debug|Any CPU.Build.0 = Debug|Any CPU
		{B619A324-81D8-468B-BD72-117DF669696F}.Release|Any CPU.ActiveCfg = Release|Any CPU
		{B619A324-81D8-468B-BD72-117DF669696F}.Release|Any CPU.Build.0 = Release|Any CPU
	EndGlobalSection
	GlobalSection(SolutionProperties) = preSolution
		HideSolutionNode = FALSE
	EndGlobalSection
	GlobalSection(ExtensibilityGlobals) = postSolution
		SolutionGuid = {E1620D45-3171-4233-86A0-0680D83B526F}
	EndGlobalSection
EndGlobal
